Microsoft Visual Studio Solution File, Format Version 10.00
# Visual Studio 2008
Project("{FAE04EC0-301F-11D3-BF4B-00C04F79EFBC}") = "GHSDK", "..\DLL\ClassLibrary1\GHSDK.csproj", "{85835B3E-3CB2-4A00-B56D-322379D0D521}"
EndProject
Project("{FAE04EC0-301F-11D3-BF4B-00C04F79EFBC}") = "Restaurant_Service", "Restaurant_Service\Restaurant_Service.csproj", "{7E46B326-6C9B-42DF-B40F-C531C02BE06E}"
	ProjectSection(ProjectDependencies) = postProject
		{85835B3E-3CB2-4A00-B56D-322379D0D521} = {85835B3E-3CB2-4A00-B56D-322379D0D521}
	EndProjectSection
EndProject
Project("{54435603-DBB4-11D2-8724-00A0C9A8B90C}") = "Restaurant_Service_Setup", "Restaurant_Service_Setup\Resturant_Service_Setup.vdproj", "{FC787A7E-4185-4898-A7C1-8BAACC05D409}"
EndProject
Global
	GlobalSection(SolutionConfigurationPlatforms) = preSolution
		Debug|Any CPU = Debug|Any CPU
		Release|Any CPU = Release|Any CPU
	EndGlobalSection
	GlobalSection(ProjectConfigurationPlatforms) = postSolution
		{85835B3E-3CB2-4A00-B56D-322379D0D521}.Debug|Any CPU.ActiveCfg = Debug|Any CPU
		{85835B3E-3CB2-4A00-B56D-322379D0D521}.Debug|Any CPU.Build.0 = Debug|Any CPU
		{85835B3E-3CB2-4A00-B56D-322379D0D521}.Release|Any CPU.ActiveCfg = Release|Any CPU
		{85835B3E-3CB2-4A00-B56D-322379D0D521}.Release|Any CPU.Build.0 = Release|Any CPU
		{7E46B326-6C9B-42DF-B40F-C531C02BE06E}.Debug|Any CPU.ActiveCfg = Debug|Any CPU
		{7E46B326-6C9B-42DF-B40F-C531C02BE06E}.Debug|Any CPU.Build.0 = Debug|Any CPU
		{7E46B326-6C9B-42DF-B40F-C531C02BE06E}.Release|Any CPU.ActiveCfg = Release|Any CPU
		{7E46B326-6C9B-42DF-B40F-C531C02BE06E}.Release|Any CPU.Build.0 = Release|Any CPU
		{FC787A7E-4185-4898-A7C1-8BAACC05D409}.Debug|Any CPU.ActiveCfg = Debug
		{FC787A7E-4185-4898-A7C1-8BAACC05D409}.Debug|Any CPU.Build.0 = Debug
		{FC787A7E-4185-4898-A7C1-8BAACC05D409}.Release|Any CPU.ActiveCfg = Release
		{FC787A7E-4185-4898-A7C1-8BAACC05D409}.Release|Any CPU.Build.0 = Release
	EndGlobalSection
	GlobalSection(SolutionProperties) = preSolution
		HideSolutionNode = FALSE
	EndGlobalSection
EndGlobal
